
Microsoft Visual Studio Solution File, Format Version 12.00
# Visual Studio Version 16
VisualStudioVersion = 16.0.31424.327
MinimumVisualStudioVersion = 10.0.40219.1
Project("{FAE04EC0-301F-11D3-BF4B-00C04F79EFBC}") = "KingFashion", "KingFashion\KingFashion.csproj", "{FFE61899-5FF9-439B-BDA3-9472BB102A78}"
EndProject
Global
	GlobalSection(SolutionConfigurationPlatforms) = preSolution
		Debug|Any CPU = Debug|Any CPU
		Release|Any CPU = Release|Any CPU
	EndGlobalSection
	GlobalSection(ProjectConfigurationPlatforms) = postSolution
		{FFE61899-5FF9-439B-BDA3-9472BB102A78}.Debug|Any CPU.ActiveCfg = Debug|Any CPU
		{FFE61899-5FF9-439B-BDA3-9472BB102A78}.Debug|Any CPU.Build.0 = Debug|Any CPU
		{FFE61899-5FF9-439B-BDA3-9472BB102A78}.Release|Any CPU.ActiveCfg = Release|Any CPU
		{FFE61899-5FF9-439B-BDA3-9472BB102A78}.Release|Any CPU.Build.0 = Release|Any CPU
	EndGlobalSection
	GlobalSection(SolutionProperties) = preSolution
		HideSolutionNode = FALSE
	EndGlobalSection
	GlobalSection(ExtensibilityGlobals) = postSolution
		SolutionGuid = {0C6E7814-5CD1-47CF-8592-6531482347EE}
	EndGlobalSection
EndGlobal
