
Microsoft Visual Studio Solution File, Format Version 12.00
# Visual Studio Version 16
VisualStudioVersion = 16.0.31515.178
MinimumVisualStudioVersion = 10.0.40219.1
Project("{FAE04EC0-301F-11D3-BF4B-00C04F79EFBC}") = "ShopThoiTrang.API", "ShopThoiTrang.API\ShopThoiTrang.API.csproj", "{0F7D1631-D6E0-4854-A2D4-8B0DAE783BB2}"
EndProject
Project("{FAE04EC0-301F-11D3-BF4B-00C04F79EFBC}") = "ShopThoiTrang.Domain", "ShopThoiTrang.Domain\ShopThoiTrang.Domain.csproj", "{1497FE05-2B72-4FD9-8125-2C4C9CD28157}"
EndProject
Project("{FAE04EC0-301F-11D3-BF4B-00C04F79EFBC}") = "ShopThoiTrang.Services", "ShopThoiTrang.Services\ShopThoiTrang.Services.csproj", "{6E7F8319-70A6-4D67-A2B6-79CA2D162396}"
EndProject
Global
	GlobalSection(SolutionConfigurationPlatforms) = preSolution
		Debug|Any CPU = Debug|Any CPU
		Release|Any CPU = Release|Any CPU
	EndGlobalSection
	GlobalSection(ProjectConfigurationPlatforms) = postSolution
		{0F7D1631-D6E0-4854-A2D4-8B0DAE783BB2}.Debug|Any CPU.ActiveCfg = Debug|Any CPU
		{0F7D1631-D6E0-4854-A2D4-8B0DAE783BB2}.Debug|Any CPU.Build.0 = Debug|Any CPU
		{0F7D1631-D6E0-4854-A2D4-8B0DAE783BB2}.Release|Any CPU.ActiveCfg = Release|Any CPU
		{0F7D1631-D6E0-4854-A2D4-8B0DAE783BB2}.Release|Any CPU.Build.0 = Release|Any CPU
		{1497FE05-2B72-4FD9-8125-2C4C9CD28157}.Debug|Any CPU.ActiveCfg = Debug|Any CPU
		{1497FE05-2B72-4FD9-8125-2C4C9CD28157}.Debug|Any CPU.Build.0 = Debug|Any CPU
		{1497FE05-2B72-4FD9-8125-2C4C9CD28157}.Release|Any CPU.ActiveCfg = Release|Any CPU
		{1497FE05-2B72-4FD9-8125-2C4C9CD28157}.Release|Any CPU.Build.0 = Release|Any CPU
		{6E7F8319-70A6-4D67-A2B6-79CA2D162396}.Debug|Any CPU.ActiveCfg = Debug|Any CPU
		{6E7F8319-70A6-4D67-A2B6-79CA2D162396}.Debug|Any CPU.Build.0 = Debug|Any CPU
		{6E7F8319-70A6-4D67-A2B6-79CA2D162396}.Release|Any CPU.ActiveCfg = Release|Any CPU
		{6E7F8319-70A6-4D67-A2B6-79CA2D162396}.Release|Any CPU.Build.0 = Release|Any CPU
	EndGlobalSection
	GlobalSection(SolutionProperties) = preSolution
		HideSolutionNode = FALSE
	EndGlobalSection
	GlobalSection(ExtensibilityGlobals) = postSolution
		SolutionGuid = {7D69FF88-7DB4-4D10-AE2A-42207EF5B772}
	EndGlobalSection
EndGlobal
